{
  "name": "spinal-env-viewer-plugin-network-tree",
  "version": "1.0.0",
  "lockfileVersion": 1,
  "requires": true,
  "dependencies": {
    "clamp": {
      "version": "1.0.1",
      "resolved": "https://registry.npmjs.org/clamp/-/clamp-1.0.1.tgz",
      "integrity": "sha1-ZqDmQBGBbjcZaCj9yMjBRzEshjQ="
    },
    "codemirror": {
      "version": "5.59.2",
      "resolved": "https://registry.npmjs.org/codemirror/-/codemirror-5.59.2.tgz",
      "integrity": "sha512-/D5PcsKyzthtSy2NNKCyJi3b+htRkoKv3idswR/tR6UAvMNKA7SrmyZy6fOONJxSRs1JlUWEDAbxqfdArbK8iA=="
    },
    "core-util-is": {
      "version": "1.0.2",
      "resolved": "https://registry.npmjs.org/core-util-is/-/core-util-is-1.0.2.tgz",
      "integrity": "sha1-tf1UIgqivFq1eqtxQMlAdUUDwac="
    },
    "dedent": {
      "version": "0.7.0",
      "resolved": "https://registry.npmjs.org/dedent/-/dedent-0.7.0.tgz",
      "integrity": "sha1-JJXduvbrh0q7Dhvp3yLS5aVEMmw="
    },
    "diff-match-patch": {
      "version": "1.0.5",
      "resolved": "https://registry.npmjs.org/diff-match-patch/-/diff-match-patch-1.0.5.tgz",
      "integrity": "sha512-IayShXAgj/QMXgB0IWmKx+rOPuGMhqm5w6jvFxmVenXKIzRqTAAsbBPT3kWQeGANj3jGgvcvv4yK6SxqYmikgw=="
    },
    "imgurify": {
      "version": "2.0.1",
      "resolved": "https://registry.npmjs.org/imgurify/-/imgurify-2.0.1.tgz",
      "integrity": "sha512-Yh0oFSGY4fKiZTAM29s/Ufh8JLwX/hvJ7dO3VPvNuyFAiiNW0DoyBHjVN75HWqYj9VqCTjt7JS1B4kFlHHR9Qg==",
      "requires": {
        "mime": "^1.3.4",
        "minimist": "^1.1.3",
        "through2": "^2.0.1"
      }
    },
    "inherits": {
      "version": "2.0.4",
      "resolved": "https://registry.npmjs.org/inherits/-/inherits-2.0.4.tgz",
      "integrity": "sha512-k/vGaX4/Yla3WzyMCvTQOXYeIHvqOKtnqBduzTHpzpQZzAskKMhZ2K+EnBiSM9zGSoIFeMpXKxa4dYeZIQqewQ=="
    },
    "isarray": {
      "version": "1.0.0",
      "resolved": "https://registry.npmjs.org/isarray/-/isarray-1.0.0.tgz",
      "integrity": "sha1-u5NdSFgsuhaMBoNJV6VKPgcSTxE="
    },
    "lodash": {
      "version": "4.17.21",
      "resolved": "https://registry.npmjs.org/lodash/-/lodash-4.17.21.tgz",
      "integrity": "sha512-v2kDEe57lecTulaDIuNTPy3Ry4gLGJ6Z1O3vE1krgXZNrsQ+LFTGHVxVjcXPs17LhbZVGedAJv8XZ1tvj5FvSg=="
    },
    "lodash.throttle": {
      "version": "4.1.1",
      "resolved": "https://registry.npmjs.org/lodash.throttle/-/lodash.throttle-4.1.1.tgz",
      "integrity": "sha1-wj6RtxAkKscMN/HhzaknTMOb8vQ="
    },
    "material-colors": {
      "version": "1.2.6",
      "resolved": "https://registry.npmjs.org/material-colors/-/material-colors-1.2.6.tgz",
      "integrity": "sha512-6qE4B9deFBIa9YSpOc9O0Sgc43zTeVYbgDT5veRKSlB2+ZuHNoVVxA1L/ckMUayV9Ay9y7Z/SZCLcGteW9i7bg=="
    },
    "mime": {
      "version": "1.6.0",
      "resolved": "https://registry.npmjs.org/mime/-/mime-1.6.0.tgz",
      "integrity": "sha512-x0Vn8spI+wuJ1O6S7gnbaQg8Pxh4NNHb7KSINmEWKiPE4RKOplvijn+NkmYmmRgP68mc70j2EbeTFRsrswaQeg=="
    },
    "minimist": {
      "version": "1.2.5",
      "resolved": "https://registry.npmjs.org/minimist/-/minimist-1.2.5.tgz",
      "integrity": "sha512-FM9nNUYrRBAELZQT3xeZQ7fmMOBg6nWNmJKTcgsJeaLstP/UODVpGsr5OhXhhXg6f+qtJ8uiZ+PUxkDWcgIXLw=="
    },
    "process-nextick-args": {
      "version": "2.0.1",
      "resolved": "https://registry.npmjs.org/process-nextick-args/-/process-nextick-args-2.0.1.tgz",
      "integrity": "sha512-3ouUOpQhtgrbOa17J7+uxOTpITYWaGP7/AhoR3+A+/1e9skrzelGi/dXzEYyvbxubEF6Wn2ypscTKiKJFFn1ag=="
    },
    "q": {
      "version": "1.5.1",
      "resolved": "https://registry.npmjs.org/q/-/q-1.5.1.tgz",
      "integrity": "sha1-fjL3W0E4EpHQRhHxvxQQmsAGUdc="
    },
    "qrcode-generator": {
      "version": "1.4.4",
      "resolved": "https://registry.npmjs.org/qrcode-generator/-/qrcode-generator-1.4.4.tgz",
      "integrity": "sha512-HM7yY8O2ilqhmULxGMpcHSF1EhJJ9yBj8gvDEuZ6M+KGJ0YY2hKpnXvRD+hZPLrDVck3ExIGhmPtSdcjC+guuw=="
    },
    "readable-stream": {
      "version": "2.3.7",
      "resolved": "https://registry.npmjs.org/readable-stream/-/readable-stream-2.3.7.tgz",
      "integrity": "sha512-Ebho8K4jIbHAxnuxi7o42OrZgF/ZTNcsZj6nRKyUmkhLFq8CHItp/fy6hQZuZmP/n3yZ9VBUbp4zz/mX8hmYPw==",
      "requires": {
        "core-util-is": "~1.0.0",
        "inherits": "~2.0.3",
        "isarray": "~1.0.0",
        "process-nextick-args": "~2.0.0",
        "safe-buffer": "~5.1.1",
        "string_decoder": "~1.1.1",
        "util-deprecate": "~1.0.1"
      }
    },
    "safe-buffer": {
      "version": "5.1.2",
      "resolved": "https://registry.npmjs.org/safe-buffer/-/safe-buffer-5.1.2.tgz",
      "integrity": "sha512-Gd2UZBJDkXlY7GbJxfsE8/nvKkUEU1G38c1siN6QP6a9PT9MmHB8GnpscSmMJSoF8LOIrt8ud/wPtojys4G6+g=="
    },
    "sax": {
      "version": "1.2.4",
      "resolved": "https://registry.npmjs.org/sax/-/sax-1.2.4.tgz",
      "integrity": "sha512-NqVDv9TpANUjFm0N8uM5GxL36UgKi9/atZw+x7YFnQ8ckwFGKrl4xX4yWtrey3UJm5nP1kUbnYgLopqWNSRhWw=="
    },
    "scrollparent": {
      "version": "2.0.1",
      "resolved": "https://registry.npmjs.org/scrollparent/-/scrollparent-2.0.1.tgz",
      "integrity": "sha1-cV1bnMV3YPsivczDvvtb/gaxoxc="
    },
    "spinal-core-connectorjs": {
      "version": "git+https://github.com/spinalcom/spinal-core-connectorjs.git#1246a1a6e6efd2f22323d8c0f7fdcbab4584f4bd",
      "from": "git+https://github.com/spinalcom/spinal-core-connectorjs.git",
      "requires": {
        "xhr2": "^0.1.3"
      }
    },
    "spinal-core-connectorjs_type": {
      "version": "git+https://github.com/spinalcom/spinal-core-connectorjs_type.git#080c4a5e2744f4af5406496773413b6b2661107b",
      "from": "git+https://github.com/spinalcom/spinal-core-connectorjs_type.git",
      "requires": {
        "spinal-core-connectorjs": "git+https://github.com/spinalcom/spinal-core-connectorjs.git"
      }
    },
    "spinal-env-viewer-bim-manager-service": {
      "version": "git+https://github.com/spinalcom/spinal-env-viewer-bim-manager-service.git#2011ce99e9f21814e151fed9454851db638c12d3",
      "from": "git+https://github.com/spinalcom/spinal-env-viewer-bim-manager-service.git"
    },
    "spinal-env-viewer-context-geographic-service": {
      "version": "git+https://github.com/spinalcom/spinal-env-viewer-context-geographic-service.git#31be8d351eb56e683e819d931259779fcb01afaa",
      "from": "git+https://github.com/spinalcom/spinal-env-viewer-context-geographic-service.git",
      "requires": {
        "spinal-env-viewer-graph-service": "git+https://github.com/spinalcom/Spinal-Graph-Service.git",
        "spinal-env-viewer-plugin-bimobjectservice": "git+https://github.com/spinalcom/spinal-env-viewer-plugin-bimobjectservice.git",
        "spinal-models-building-elements": "git+https://github.com/spinalcom/spinal-models-building-elements.git"
      }
    },
    "spinal-env-viewer-context-menu-service": {
      "version": "git+https://github.com/spinalcom/spinal-env-viewer-context-menu-service.git#e2696e6203dac9bbcaa31b36509f6a811fe81345",
      "from": "git+https://github.com/spinalcom/spinal-env-viewer-context-menu-service.git"
    },
    "spinal-env-viewer-graph-service": {
      "version": "git+https://github.com/spinalcom/Spinal-Graph-Service.git#95fd8836dced315214a2f9b6ef7c766ca0271f1a",
      "from": "git+https://github.com/spinalcom/Spinal-Graph-Service.git",
      "requires": {
        "q": "^1.5.1",
        "qrcode-generator": "^1.4.1",
        "spinal-core-connectorjs_type": "git+https://github.com/spinalcom/spinal-core-connectorjs_type.git",
        "spinal-model-graph": "git+https://github.com/spinalcom/spinal-model-graph.git"
      }
    },
    "spinal-env-viewer-panel-manager-service": {
      "version": "git+https://github.com/spinalcom/spinal-env-viewer-panel-manager-service.git#98d918a6a56d58c4fb03de457af40bc25eb2f8b9",
      "from": "git+https://github.com/spinalcom/spinal-env-viewer-panel-manager-service.git"
    },
    "spinal-env-viewer-panel-manager-service_spinalforgeextention": {
      "version": "git+https://github.com/spinalcom/spinal-env-viewer-panel-manager-service_spinalforgeextention.git#637dd751c03367108a482bff63166e24ae787832",
      "from": "git+https://github.com/spinalcom/spinal-env-viewer-panel-manager-service_spinalforgeextention.git",
      "requires": {
        "spinal-env-viewer-panel-manager-service": "git+https://github.com/spinalcom/spinal-env-viewer-panel-manager-service.git"
      }
    },
    "spinal-env-viewer-plugin-bimobjectservice": {
      "version": "git+https://github.com/spinalcom/spinal-env-viewer-plugin-bimobjectservice.git#4318628a1d3a795df6eaa2c920508e0c0ae6a23b",
      "from": "git+https://github.com/spinalcom/spinal-env-viewer-plugin-bimobjectservice.git",
      "requires": {
        "spinal-env-viewer-graph-service": "git+https://github.com/spinalcom/Spinal-Graph-Service.git",
        "spinal-models-bimobject": "git+https://github.com/spinalcom/spinal-models-bimobject.git",
        "vue": "^2.0.1"
      }
    },
    "spinal-env-viewer-plugin-device_profile": {
      "version": "git+https://github.com/spinalcom/spinal-env-viewer-plugin-device_profile.git#af4e85b99389cda5b94a516a5a3c813df33ce1a8",
      "from": "git+https://github.com/spinalcom/spinal-env-viewer-plugin-device_profile.git",
      "requires": {
        "spinal-env-viewer-context-menu-service": "git+https://github.com/spinalcom/spinal-env-viewer-context-menu-service.git",
        "spinal-env-viewer-graph-service": "git+https://github.com/spinalcom/Spinal-Graph-Service.git",
        "spinal-env-viewer-panel-manager-service": "git+https://github.com/spinalcom/spinal-env-viewer-panel-manager-service.git",
        "spinal-env-viewer-panel-manager-service_spinalforgeextention": "git+https://github.com/spinalcom/spinal-env-viewer-panel-manager-service_spinalforgeextention.git",
        "spinal-env-viewer-plugin-forge": "git+https://github.com/spinalcom/spinal-env-viewer-plugin-forge.git",
        "spinal-model-graph": "git+https://github.com/spinalcom/spinal-model-graph.git",
        "vue": "^2.0.1",
        "vuetify": "^1.5.16",
        "xml2js": "^0.4.23"
      }
    },
    "spinal-env-viewer-plugin-documentation-service": {
      "version": "git+https://github.com/spinalcom/spinal-env-viewer-plugin-documentation-service.git#4529134e6521a2b501a00ad7ed0e6dde0c0a8356",
      "from": "git+https://github.com/spinalcom/spinal-env-viewer-plugin-documentation-service.git",
      "requires": {
        "spinal-core-connectorjs_type": "git+https://github.com/spinalcom/spinal-core-connectorjs_type.git",
        "spinal-env-viewer-graph-service": "git+https://github.com/spinalcom/Spinal-Graph-Service.git",
        "spinal-env-viewer-plugin-bimobjectservice": "git+https://github.com/spinalcom/spinal-env-viewer-plugin-bimobjectservice.git",
        "spinal-env-viewer-plugin-group-manager-service": "git+https://github.com/spinalcom/spinal-env-viewer-plugin-group-manager-service.git",
        "spinal-env-viewer-room-manager": "git+https://github.com/spinalcom/spinal-env-viewer-room-manager.git",
        "spinal-models-documentation": "git+https://github.com/spinalcom/spinal-models-cde.git",
        "vue": "^2.0.1"
      }
    },
    "spinal-env-viewer-plugin-event-emitter": {
      "version": "git+https://github.com/spinalcom/spinal-env-viewer-plugin-event-emitter.git#f3f9f1c10af687ae05f4a57dbdb9bc54596040bf",
      "from": "git+https://github.com/spinalcom/spinal-env-viewer-plugin-event-emitter.git"
    },
    "spinal-env-viewer-plugin-forge": {
      "version": "git+https://github.com/spinalcom/spinal-env-viewer-plugin-forge.git#92e5c1dc5c049a24117918eddc3ea5c89c208e6c",
      "from": "git+https://github.com/spinalcom/spinal-env-viewer-plugin-forge.git",
      "requires": {
        "spinal-env-viewer-graph-service": "git+https://github.com/spinalcom/Spinal-Graph-Service.git"
      }
    },
    "spinal-env-viewer-plugin-group-manager-service": {
      "version": "git+https://github.com/spinalcom/spinal-env-viewer-plugin-group-manager-service.git#39501eb46a39be16dca5aed03d01447c594b03ce",
      "from": "git+https://github.com/spinalcom/spinal-env-viewer-plugin-group-manager-service.git",
      "requires": {
        "spinal-core-connectorjs_type": "git+https://github.com/spinalcom/spinal-core-connectorjs_type.git",
        "spinal-env-viewer-context-geographic-service": "git+https://github.com/spinalcom/spinal-env-viewer-context-geographic-service.git",
        "spinal-env-viewer-graph-service": "git+https://github.com/spinalcom/Spinal-Graph-Service.git",
        "spinal-env-viewer-plugin-event-emitter": "git+https://github.com/spinalcom/spinal-env-viewer-plugin-event-emitter.git",
        "spinal-model-bmsnetwork": "git+https://github.com/spinalcom/spinal-model-bmsnetwork.git"
      }
    },
    "spinal-env-viewer-room-manager": {
      "version": "git+https://github.com/spinalcom/spinal-env-viewer-room-manager.git#ae43493770df62fd383b5413f191dda10f05afcb",
      "from": "git+https://github.com/spinalcom/spinal-env-viewer-room-manager.git",
      "requires": {
        "spinal-env-viewer-bim-manager-service": "git+https://github.com/spinalcom/spinal-env-viewer-bim-manager-service.git",
        "spinal-env-viewer-context-geographic-service": "git+https://github.com/spinalcom/spinal-env-viewer-context-geographic-service.git",
        "spinal-env-viewer-context-menu-service": "git+https://github.com/spinalcom/spinal-env-viewer-context-menu-service.git",
        "spinal-env-viewer-graph-service": "git+https://github.com/spinalcom/Spinal-Graph-Service.git",
        "spinal-env-viewer-plugin-bimobjectservice": "git+https://github.com/spinalcom/spinal-env-viewer-plugin-bimobjectservice.git",
        "spinal-env-viewer-plugin-group-manager-service": "git+https://github.com/spinalcom/spinal-env-viewer-plugin-group-manager-service.git",
        "spinal-model-bmsnetwork": "git+https://github.com/spinalcom/spinal-model-bmsnetwork.git",
        "vue-color": "^2.7.0",
        "vue-virtual-scroller": "^1.0.10"
      }
    },
    "spinal-lib-forgefile": {
      "version": "git+https://github.com/spinalcom/spinal-lib-forgefile.git#855b6efae613655298c4d5668e8f91d5b294aab5",
      "from": "git+https://github.com/spinalcom/spinal-lib-forgefile.git",
      "requires": {
        "spinal-core-connectorjs_type": "git+https://github.com/spinalcom/spinal-core-connectorjs_type.git"
      }
    },
    "spinal-model-bmsnetwork": {
      "version": "git+https://github.com/spinalcom/spinal-model-bmsnetwork.git#5b7e94cdf0abd4246f33a21ad08809fa727cfcf9",
      "from": "git+https://github.com/spinalcom/spinal-model-bmsnetwork.git",
      "requires": {
        "lodash.throttle": "^4.1.1",
        "spinal-core-connectorjs_type": "git+https://github.com/spinalcom/spinal-core-connectorjs_type.git",
        "spinal-env-viewer-graph-service": "git+https://github.com/spinalcom/Spinal-Graph-Service.git",
        "spinal-env-viewer-plugin-documentation-service": "git+https://github.com/spinalcom/spinal-env-viewer-plugin-documentation-service.git",
        "spinal-lib-forgefile": "git+https://github.com/spinalcom/spinal-lib-forgefile.git",
        "spinal-model-timeseries": "git+https://github.com/spinalcom/spinal-model-timeseries.git"
      }
    },
    "spinal-model-graph": {
      "version": "git+https://github.com/spinalcom/spinal-model-graph.git#ec81472a14952faf092adbb3eaab21812b5347a5",
      "from": "git+https://github.com/spinalcom/spinal-model-graph.git",
      "requires": {
        "spinal-core-connectorjs_type": "git+https://github.com/spinalcom/spinal-core-connectorjs_type.git"
      }
    },
    "spinal-model-timeseries": {
      "version": "git+https://github.com/spinalcom/spinal-model-timeseries.git#d45df0110e174ef224b4a4436afed71384deb886",
      "from": "git+https://github.com/spinalcom/spinal-model-timeseries.git",
      "requires": {
        "spinal-core-connectorjs_type": "git+https://github.com/spinalcom/spinal-core-connectorjs_type.git",
        "spinal-env-viewer-graph-service": "git+https://github.com/spinalcom/Spinal-Graph-Service.git"
      }
    },
    "spinal-models-bimobject": {
      "version": "git+https://github.com/spinalcom/spinal-models-bimobject.git#b9b9d4fd67cbe6acd514d21cf8e5c6aa919e1f4b",
      "from": "git+https://github.com/spinalcom/spinal-models-bimobject.git"
    },
    "spinal-models-building-elements": {
      "version": "git+https://github.com/spinalcom/spinal-models-building-elements.git#1d6edf18e07e8e6a66470dd203717a9437401bbb",
      "from": "git+https://github.com/spinalcom/spinal-models-building-elements.git",
      "requires": {
        "spinal-models-bimobject": "git+https://github.com/spinalcom/spinal-models-bimobject.git"
      }
    },
    "spinal-models-documentation": {
      "version": "git+https://github.com/spinalcom/spinal-models-cde.git#c86b730365f97e0ab9a961b62db1baee06bddbf1",
      "from": "git+https://github.com/spinalcom/spinal-models-cde.git",
      "requires": {
        "spinal-core-connectorjs": "git+https://github.com/spinalcom/spinal-core-connectorjs.git",
        "spinal-core-connectorjs_type": "git+https://github.com/spinalcom/spinal-core-connectorjs_type.git"
      }
    },
    "string_decoder": {
      "version": "1.1.1",
      "resolved": "https://registry.npmjs.org/string_decoder/-/string_decoder-1.1.1.tgz",
      "integrity": "sha512-n/ShnvDi6FHbbVfviro+WojiFzv+s8MPMHBczVePfUpDJLwoLT0ht1l4YwBCbi8pJAveEEdnkHyPyTP/mzRfwg==",
      "requires": {
        "safe-buffer": "~5.1.0"
      }
    },
    "through2": {
      "version": "2.0.5",
      "resolved": "https://registry.npmjs.org/through2/-/through2-2.0.5.tgz",
      "integrity": "sha512-/mrRod8xqpA+IHSLyGCQ2s8SPHiCDEeQJSep1jqLYeEUClOFG2Qsh+4FU6G9VeqpZnGW/Su8LQGc4YKni5rYSQ==",
      "requires": {
        "readable-stream": "~2.3.6",
        "xtend": "~4.0.1"
      }
    },
    "tinycolor2": {
      "version": "1.4.2",
      "resolved": "https://registry.npmjs.org/tinycolor2/-/tinycolor2-1.4.2.tgz",
      "integrity": "sha512-vJhccZPs965sV/L2sU4oRQVAos0pQXwsvTLkWYdqJ+a8Q5kPFzJTuOFwy7UniPli44NKQGAglksjvOcpo95aZA=="
    },
    "util-deprecate": {
      "version": "1.0.2",
      "resolved": "https://registry.npmjs.org/util-deprecate/-/util-deprecate-1.0.2.tgz",
      "integrity": "sha1-RQ1Nyfpw3nMnYvvS1KKJgUGaDM8="
    },
    "vm": {
      "version": "0.1.0",
      "resolved": "https://registry.npmjs.org/vm/-/vm-0.1.0.tgz",
      "integrity": "sha1-AGDUhei4mFiUbECwGmugeUXbcKg="
    },
    "vue": {
      "version": "2.6.12",
      "resolved": "https://registry.npmjs.org/vue/-/vue-2.6.12.tgz",
      "integrity": "sha512-uhmLFETqPPNyuLLbsKz6ioJ4q7AZHzD8ZVFNATNyICSZouqP2Sz0rotWQC8UNBF6VGSCs5abnKJoStA6JbCbfg=="
    },
    "vue-codemirror": {
      "version": "4.0.6",
      "resolved": "https://registry.npmjs.org/vue-codemirror/-/vue-codemirror-4.0.6.tgz",
      "integrity": "sha512-ilU7Uf0mqBNSSV3KT7FNEeRIxH4s1fmpG4TfHlzvXn0QiQAbkXS9lLfwuZpaBVEnpP5CSE62iGJjoliTuA8poQ==",
      "requires": {
        "codemirror": "^5.41.0",
        "diff-match-patch": "^1.0.0"
      }
    },
    "vue-color": {
      "version": "2.8.1",
      "resolved": "https://registry.npmjs.org/vue-color/-/vue-color-2.8.1.tgz",
      "integrity": "sha512-BoLCEHisXi2QgwlhZBg9UepvzZZmi4176vbr+31Shen5WWZwSLVgdScEPcB+yrAtuHAz42309C0A4+WiL9lNBw==",
      "requires": {
        "clamp": "^1.0.1",
        "lodash.throttle": "^4.0.0",
        "material-colors": "^1.0.0",
        "tinycolor2": "^1.1.2"
      }
    },
    "vue-observe-visibility": {
      "version": "0.4.6",
      "resolved": "https://registry.npmjs.org/vue-observe-visibility/-/vue-observe-visibility-0.4.6.tgz",
      "integrity": "sha512-xo0CEVdkjSjhJoDdLSvoZoQrw/H2BlzB5jrCBKGZNXN2zdZgMuZ9BKrxXDjNP2AxlcCoKc8OahI3F3r3JGLv2Q=="
    },
    "vue-resize": {
      "version": "0.4.5",
      "resolved": "https://registry.npmjs.org/vue-resize/-/vue-resize-0.4.5.tgz",
      "integrity": "sha512-bhP7MlgJQ8TIkZJXAfDf78uJO+mEI3CaLABLjv0WNzr4CcGRGPIAItyWYnP6LsPA4Oq0WE+suidNs6dgpO4RHg=="
    },
    "vue-virtual-scroller": {
      "version": "1.0.10",
      "resolved": "https://registry.npmjs.org/vue-virtual-scroller/-/vue-virtual-scroller-1.0.10.tgz",
      "integrity": "sha512-Hn4qSBDhRY4XdngPioYy/ykDjrLX/NMm1fQXm/4UQQ/Xv1x8JbHGFZNftQowTcfICgN7yc31AKnUk1UGLJ2ndA==",
      "requires": {
        "scrollparent": "^2.0.1",
        "vue-observe-visibility": "^0.4.4",
        "vue-resize": "^0.4.5"
      }
    },
    "vuetify": {
      "version": "1.5.24",
      "resolved": "https://registry.npmjs.org/vuetify/-/vuetify-1.5.24.tgz",
      "integrity": "sha512-guFOgEgZ8VpSgNXOv1QL2fOliaJBoiyNnf+bBqcXsnIppJGRlW1wyT6Ux7ZlQyphSHs+UK1aJNUjcyAtoOiHWg=="
    },
    "xhr2": {
      "version": "0.1.4",
      "resolved": "https://registry.npmjs.org/xhr2/-/xhr2-0.1.4.tgz",
      "integrity": "sha1-f4dliEdxbbUCYyOBL4GMras4el8="
    },
    "xml2js": {
      "version": "0.4.23",
      "resolved": "https://registry.npmjs.org/xml2js/-/xml2js-0.4.23.tgz",
      "integrity": "sha512-ySPiMjM0+pLDftHgXY4By0uswI3SPKLDw/i3UXbnO8M/p28zqexCUoPmQFrYD+/1BzhGJSs2i1ERWKJAtiLrug==",
      "requires": {
        "sax": ">=0.6.0",
        "xmlbuilder": "~11.0.0"
      }
    },
    "xmlbuilder": {
      "version": "11.0.1",
      "resolved": "https://registry.npmjs.org/xmlbuilder/-/xmlbuilder-11.0.1.tgz",
      "integrity": "sha512-fDlsI/kFEx7gLvbecc0/ohLG50fugQp8ryHzMTuW9vSa1GJ0XYWKnhsUx7oie3G98+r56aTQIUB4kht42R3JvA=="
    },
    "xtend": {
      "version": "4.0.2",
      "resolved": "https://registry.npmjs.org/xtend/-/xtend-4.0.2.tgz",
      "integrity": "sha512-LKYU1iAXJXUgAXn9URjiu+MWhyUXHsvfp7mcuYm9dSUKK0/CjtrUwFAxD82/mCWbtLsGjFIad0wIsod4zrTAEQ=="
    }
  }
}
