{
  "name": "spinal-env-viewer-plugin-network-tree",
  "version": "1.0.0",
  "lockfileVersion": 1,
  "requires": true,
  "dependencies": {
    "codemirror": {
      "version": "5.59.2",
      "resolved": "https://registry.npmjs.org/codemirror/-/codemirror-5.59.2.tgz",
      "integrity": "sha512-/D5PcsKyzthtSy2NNKCyJi3b+htRkoKv3idswR/tR6UAvMNKA7SrmyZy6fOONJxSRs1JlUWEDAbxqfdArbK8iA=="
    },
    "dedent": {
      "version": "0.7.0",
      "resolved": "https://registry.npmjs.org/dedent/-/dedent-0.7.0.tgz",
      "integrity": "sha1-JJXduvbrh0q7Dhvp3yLS5aVEMmw="
    },
    "diff-match-patch": {
      "version": "1.0.5",
      "resolved": "https://registry.npmjs.org/diff-match-patch/-/diff-match-patch-1.0.5.tgz",
      "integrity": "sha512-IayShXAgj/QMXgB0IWmKx+rOPuGMhqm5w6jvFxmVenXKIzRqTAAsbBPT3kWQeGANj3jGgvcvv4yK6SxqYmikgw=="
    },
    "lodash": {
      "version": "4.17.20",
      "resolved": "https://registry.npmjs.org/lodash/-/lodash-4.17.20.tgz",
      "integrity": "sha512-PlhdFcillOINfeV7Ni6oF1TAEayyZBoZ8bcshTHqOYJYlrqzRK5hagpagky5o4HfCzzd1TRkXPMFq6cKk9rGmA=="
    },
    "vue-codemirror": {
      "version": "4.0.6",
      "resolved": "https://registry.npmjs.org/vue-codemirror/-/vue-codemirror-4.0.6.tgz",
      "integrity": "sha512-ilU7Uf0mqBNSSV3KT7FNEeRIxH4s1fmpG4TfHlzvXn0QiQAbkXS9lLfwuZpaBVEnpP5CSE62iGJjoliTuA8poQ==",
      "requires": {
        "codemirror": "^5.41.0",
        "diff-match-patch": "^1.0.0"
      }
    }
  }
}
