{
  "name": "spinal-env-viewer-plugin-network-tree",
  "version": "1.5.6",
  "lockfileVersion": 1,
  "requires": true,
  "dependencies": {
    "bacstack": {
      "version": "0.0.1-beta.13",
      "resolved": "https://registry.npmjs.org/bacstack/-/bacstack-0.0.1-beta.13.tgz",
      "integrity": "sha512-jg1X/nZMEBGm2PL/HBmoBkjhE3FVabOp2XBkJm2Dj74VhxcZW2H5lSn9+JnhTf54HZyKC0kM6Ko3S9AsDPe8uQ==",
      "requires": {
        "debug": "^3.1.0",
        "iconv-lite": "^0.4.19"
      }
    },
    "codemirror": {
      "version": "5.59.2",
      "resolved": "https://registry.npmjs.org/codemirror/-/codemirror-5.59.2.tgz",
      "integrity": "sha512-/D5PcsKyzthtSy2NNKCyJi3b+htRkoKv3idswR/tR6UAvMNKA7SrmyZy6fOONJxSRs1JlUWEDAbxqfdArbK8iA=="
    },
    "core-util-is": {
      "version": "1.0.2",
      "resolved": "https://registry.npmjs.org/core-util-is/-/core-util-is-1.0.2.tgz",
      "integrity": "sha1-tf1UIgqivFq1eqtxQMlAdUUDwac="
    },
    "debug": {
      "version": "3.2.7",
      "resolved": "https://registry.npmjs.org/debug/-/debug-3.2.7.tgz",
      "integrity": "sha512-CFjzYYAi4ThfiQvizrFQevTTXHtnCqWfe7x1AhgEscTz6ZbLbfoLRLPugTQyBth6f8ZERVUSyWHFD/7Wu4t1XQ==",
      "requires": {
        "ms": "^2.1.1"
      }
    },
    "dedent": {
      "version": "0.7.0",
      "resolved": "https://registry.npmjs.org/dedent/-/dedent-0.7.0.tgz",
      "integrity": "sha1-JJXduvbrh0q7Dhvp3yLS5aVEMmw="
    },
    "diff-match-patch": {
      "version": "1.0.5",
      "resolved": "https://registry.npmjs.org/diff-match-patch/-/diff-match-patch-1.0.5.tgz",
      "integrity": "sha512-IayShXAgj/QMXgB0IWmKx+rOPuGMhqm5w6jvFxmVenXKIzRqTAAsbBPT3kWQeGANj3jGgvcvv4yK6SxqYmikgw=="
    },
    "iconv-lite": {
      "version": "0.4.24",
      "resolved": "https://registry.npmjs.org/iconv-lite/-/iconv-lite-0.4.24.tgz",
      "integrity": "sha512-v3MXnZAcvnywkTUEZomIActle7RXXeedOR31wwl7VlyoXO4Qi9arvSenNQWne1TcRwhCL1HwLI21bEqdpj8/rA==",
      "requires": {
        "safer-buffer": ">= 2.1.2 < 3"
      }
    },
    "imgurify": {
      "version": "2.0.1",
      "resolved": "https://registry.npmjs.org/imgurify/-/imgurify-2.0.1.tgz",
      "integrity": "sha512-Yh0oFSGY4fKiZTAM29s/Ufh8JLwX/hvJ7dO3VPvNuyFAiiNW0DoyBHjVN75HWqYj9VqCTjt7JS1B4kFlHHR9Qg==",
      "requires": {
        "mime": "^1.3.4",
        "minimist": "^1.1.3",
        "through2": "^2.0.1"
      }
    },
    "inherits": {
      "version": "2.0.4",
      "resolved": "https://registry.npmjs.org/inherits/-/inherits-2.0.4.tgz",
      "integrity": "sha512-k/vGaX4/Yla3WzyMCvTQOXYeIHvqOKtnqBduzTHpzpQZzAskKMhZ2K+EnBiSM9zGSoIFeMpXKxa4dYeZIQqewQ=="
    },
    "isarray": {
      "version": "1.0.0",
      "resolved": "https://registry.npmjs.org/isarray/-/isarray-1.0.0.tgz",
      "integrity": "sha1-u5NdSFgsuhaMBoNJV6VKPgcSTxE="
    },
    "lodash": {
      "version": "4.17.21",
      "resolved": "https://registry.npmjs.org/lodash/-/lodash-4.17.21.tgz",
      "integrity": "sha512-v2kDEe57lecTulaDIuNTPy3Ry4gLGJ6Z1O3vE1krgXZNrsQ+LFTGHVxVjcXPs17LhbZVGedAJv8XZ1tvj5FvSg=="
    },
    "lodash.throttle": {
      "version": "4.1.1",
      "resolved": "https://registry.npmjs.org/lodash.throttle/-/lodash.throttle-4.1.1.tgz",
      "integrity": "sha1-wj6RtxAkKscMN/HhzaknTMOb8vQ="
    },
    "mime": {
      "version": "1.6.0",
      "resolved": "https://registry.npmjs.org/mime/-/mime-1.6.0.tgz",
      "integrity": "sha512-x0Vn8spI+wuJ1O6S7gnbaQg8Pxh4NNHb7KSINmEWKiPE4RKOplvijn+NkmYmmRgP68mc70j2EbeTFRsrswaQeg=="
    },
    "minimist": {
      "version": "1.2.6",
      "resolved": "https://registry.npmjs.org/minimist/-/minimist-1.2.6.tgz",
      "integrity": "sha512-Jsjnk4bw3YJqYzbdyBiNsPWHPfO++UGG749Cxs6peCu5Xg4nrena6OVxOYxrQTqww0Jmwt+Ref8rggumkTLz9Q=="
    },
    "ms": {
      "version": "2.1.3",
      "resolved": "https://registry.npmjs.org/ms/-/ms-2.1.3.tgz",
      "integrity": "sha512-6FlzubTLZG3J2a/NVCAleEhjzq5oxgHyaCU9yYXvcLsvoVaHJq/s5xXI6/XXP6tz7R9xAOtHnSO/tXtF3WRTlA=="
    },
    "process-nextick-args": {
      "version": "2.0.1",
      "resolved": "https://registry.npmjs.org/process-nextick-args/-/process-nextick-args-2.0.1.tgz",
      "integrity": "sha512-3ouUOpQhtgrbOa17J7+uxOTpITYWaGP7/AhoR3+A+/1e9skrzelGi/dXzEYyvbxubEF6Wn2ypscTKiKJFFn1ag=="
    },
    "q": {
      "version": "1.5.1",
      "resolved": "https://registry.npmjs.org/q/-/q-1.5.1.tgz",
      "integrity": "sha1-fjL3W0E4EpHQRhHxvxQQmsAGUdc="
    },
    "qrcode-generator": {
      "version": "1.4.4",
      "resolved": "https://registry.npmjs.org/qrcode-generator/-/qrcode-generator-1.4.4.tgz",
      "integrity": "sha512-HM7yY8O2ilqhmULxGMpcHSF1EhJJ9yBj8gvDEuZ6M+KGJ0YY2hKpnXvRD+hZPLrDVck3ExIGhmPtSdcjC+guuw=="
    },
    "readable-stream": {
      "version": "2.3.7",
      "resolved": "https://registry.npmjs.org/readable-stream/-/readable-stream-2.3.7.tgz",
      "integrity": "sha512-Ebho8K4jIbHAxnuxi7o42OrZgF/ZTNcsZj6nRKyUmkhLFq8CHItp/fy6hQZuZmP/n3yZ9VBUbp4zz/mX8hmYPw==",
      "requires": {
        "core-util-is": "~1.0.0",
        "inherits": "~2.0.3",
        "isarray": "~1.0.0",
        "process-nextick-args": "~2.0.0",
        "safe-buffer": "~5.1.1",
        "string_decoder": "~1.1.1",
        "util-deprecate": "~1.0.1"
      }
    },
    "safe-buffer": {
      "version": "5.1.2",
      "resolved": "https://registry.npmjs.org/safe-buffer/-/safe-buffer-5.1.2.tgz",
      "integrity": "sha512-Gd2UZBJDkXlY7GbJxfsE8/nvKkUEU1G38c1siN6QP6a9PT9MmHB8GnpscSmMJSoF8LOIrt8ud/wPtojys4G6+g=="
    },
    "safer-buffer": {
      "version": "2.1.2",
      "resolved": "https://registry.npmjs.org/safer-buffer/-/safer-buffer-2.1.2.tgz",
      "integrity": "sha512-YZo3K82SD7Riyi0E1EQPojLz7kpepnSQI9IyPbHHg1XXXevb5dJI7tpyN2ADxGcQbHG7vcyRHk0cbwqcQriUtg=="
    },
    "sax": {
      "version": "1.2.4",
      "resolved": "https://registry.npmjs.org/sax/-/sax-1.2.4.tgz",
      "integrity": "sha512-NqVDv9TpANUjFm0N8uM5GxL36UgKi9/atZw+x7YFnQ8ckwFGKrl4xX4yWtrey3UJm5nP1kUbnYgLopqWNSRhWw=="
    },
    "spinal-core-connectorjs": {
      "version": "git+https://github.com/spinalcom/spinal-core-connectorjs.git#b6a74737f8c163f22746193c607cc6d4427d09c2",
      "from": "git+https://github.com/spinalcom/spinal-core-connectorjs.git",
      "requires": {
        "xhr2": "^0.2.1"
      }
    },
    "spinal-core-connectorjs_type": {
      "version": "git+https://github.com/spinalcom/spinal-core-connectorjs_type.git#aaf3a86734c1ba04f39725428dd8e8322f4d56a6",
      "from": "git+https://github.com/spinalcom/spinal-core-connectorjs_type.git",
      "requires": {
        "spinal-core-connectorjs": "git+https://github.com/spinalcom/spinal-core-connectorjs.git"
      }
    },
    "spinal-env-viewer-context-geographic-service": {
      "version": "git+https://github.com/spinalcom/spinal-env-viewer-context-geographic-service.git#31be8d351eb56e683e819d931259779fcb01afaa",
      "from": "git+https://github.com/spinalcom/spinal-env-viewer-context-geographic-service.git",
      "requires": {
        "spinal-env-viewer-graph-service": "git+https://github.com/spinalcom/Spinal-Graph-Service.git",
        "spinal-env-viewer-plugin-bimobjectservice": "git+https://github.com/spinalcom/spinal-env-viewer-plugin-bimobjectservice.git",
        "spinal-models-building-elements": "git+https://github.com/spinalcom/spinal-models-building-elements.git"
      },
      "dependencies": {
        "spinal-env-viewer-graph-service": {
          "version": "git+https://github.com/spinalcom/Spinal-Graph-Service.git#f72b44ea0dc5e2bb0c47215e828e7929de552dc7",
          "from": "git+https://github.com/spinalcom/Spinal-Graph-Service.git",
          "requires": {
            "q": "^1.5.1",
            "qrcode-generator": "^1.4.1",
            "spinal-core-connectorjs_type": "git+https://github.com/spinalcom/spinal-core-connectorjs_type.git",
            "spinal-model-graph": "git+https://github.com/spinalcom/spinal-model-graph.git"
          }
        }
      }
    },
    "spinal-env-viewer-context-menu-service": {
      "version": "git+https://github.com/spinalcom/spinal-env-viewer-context-menu-service.git#e2696e6203dac9bbcaa31b36509f6a811fe81345",
      "from": "git+https://github.com/spinalcom/spinal-env-viewer-context-menu-service.git"
    },
    "spinal-env-viewer-graph-service": {
      "version": "git+https://github.com/spinalcom/Spinal-Graph-Service.git#95fd8836dced315214a2f9b6ef7c766ca0271f1a",
      "from": "git+https://github.com/spinalcom/Spinal-Graph-Service.git",
      "requires": {
        "q": "^1.5.1",
        "qrcode-generator": "^1.4.1",
        "spinal-core-connectorjs_type": "git+https://github.com/spinalcom/spinal-core-connectorjs_type.git",
        "spinal-model-graph": "git+https://github.com/spinalcom/spinal-model-graph.git"
      }
    },
    "spinal-env-viewer-panel-manager-service": {
      "version": "git+https://github.com/spinalcom/spinal-env-viewer-panel-manager-service.git#98d918a6a56d58c4fb03de457af40bc25eb2f8b9",
      "from": "git+https://github.com/spinalcom/spinal-env-viewer-panel-manager-service.git"
    },
    "spinal-env-viewer-panel-manager-service_spinalforgeextention": {
      "version": "git+https://github.com/spinalcom/spinal-env-viewer-panel-manager-service_spinalforgeextention.git#637dd751c03367108a482bff63166e24ae787832",
      "from": "git+https://github.com/spinalcom/spinal-env-viewer-panel-manager-service_spinalforgeextention.git",
      "requires": {
        "spinal-env-viewer-panel-manager-service": "git+https://github.com/spinalcom/spinal-env-viewer-panel-manager-service.git"
      }
    },
    "spinal-env-viewer-plugin-bimobjectservice": {
      "version": "git+https://github.com/spinalcom/spinal-env-viewer-plugin-bimobjectservice.git#4318628a1d3a795df6eaa2c920508e0c0ae6a23b",
      "from": "git+https://github.com/spinalcom/spinal-env-viewer-plugin-bimobjectservice.git",
      "requires": {
        "spinal-env-viewer-graph-service": "git+https://github.com/spinalcom/Spinal-Graph-Service.git",
        "spinal-models-bimobject": "git+https://github.com/spinalcom/spinal-models-bimobject.git",
        "vue": "^2.0.1"
      },
      "dependencies": {
        "spinal-env-viewer-graph-service": {
          "version": "git+https://github.com/spinalcom/Spinal-Graph-Service.git#f72b44ea0dc5e2bb0c47215e828e7929de552dc7",
          "from": "git+https://github.com/spinalcom/Spinal-Graph-Service.git",
          "requires": {
            "q": "^1.5.1",
            "qrcode-generator": "^1.4.1",
            "spinal-core-connectorjs_type": "git+https://github.com/spinalcom/spinal-core-connectorjs_type.git",
            "spinal-model-graph": "git+https://github.com/spinalcom/spinal-model-graph.git"
          }
        }
      }
    },
    "spinal-env-viewer-plugin-device_profile": {
      "version": "git+https://github.com/spinalcom/spinal-env-viewer-plugin-device_profile.git#af4e85b99389cda5b94a516a5a3c813df33ce1a8",
      "from": "git+https://github.com/spinalcom/spinal-env-viewer-plugin-device_profile.git",
      "requires": {
        "spinal-env-viewer-context-menu-service": "git+https://github.com/spinalcom/spinal-env-viewer-context-menu-service.git",
        "spinal-env-viewer-graph-service": "git+https://github.com/spinalcom/Spinal-Graph-Service.git",
        "spinal-env-viewer-panel-manager-service": "git+https://github.com/spinalcom/spinal-env-viewer-panel-manager-service.git",
        "spinal-env-viewer-panel-manager-service_spinalforgeextention": "git+https://github.com/spinalcom/spinal-env-viewer-panel-manager-service_spinalforgeextention.git",
        "spinal-env-viewer-plugin-forge": "git+https://github.com/spinalcom/spinal-env-viewer-plugin-forge.git",
        "spinal-model-graph": "git+https://github.com/spinalcom/spinal-model-graph.git",
        "vue": "^2.0.1",
        "vuetify": "^1.5.16",
        "xml2js": "^0.4.23"
      },
      "dependencies": {
        "spinal-env-viewer-context-menu-service": {
          "version": "git+https://github.com/spinalcom/spinal-env-viewer-context-menu-service.git#e2696e6203dac9bbcaa31b36509f6a811fe81345",
          "from": "git+https://github.com/spinalcom/spinal-env-viewer-context-menu-service.git"
        },
        "spinal-env-viewer-graph-service": {
          "version": "git+https://github.com/spinalcom/Spinal-Graph-Service.git#f72b44ea0dc5e2bb0c47215e828e7929de552dc7",
          "from": "git+https://github.com/spinalcom/Spinal-Graph-Service.git",
          "requires": {
            "q": "^1.5.1",
            "qrcode-generator": "^1.4.1",
            "spinal-core-connectorjs_type": "git+https://github.com/spinalcom/spinal-core-connectorjs_type.git",
            "spinal-model-graph": "git+https://github.com/spinalcom/spinal-model-graph.git"
          }
        }
      }
    },
    "spinal-env-viewer-plugin-documentation-service": {
      "version": "git+https://github.com/spinalcom/spinal-env-viewer-plugin-documentation-service.git#243c4843e127cc3abb19e36b1353ee288fb1a7c6",
      "from": "git+https://github.com/spinalcom/spinal-env-viewer-plugin-documentation-service.git",
      "requires": {
        "spinal-core-connectorjs_type": "git+https://github.com/spinalcom/spinal-core-connectorjs_type.git",
        "spinal-env-viewer-context-geographic-service": "git+https://github.com/spinalcom/spinal-env-viewer-context-geographic-service.git",
        "spinal-env-viewer-graph-service": "git+https://github.com/spinalcom/Spinal-Graph-Service.git",
        "spinal-env-viewer-plugin-group-manager-service": "git+https://github.com/spinalcom/spinal-env-viewer-plugin-group-manager-service.git",
        "spinal-models-documentation": "git+https://github.com/spinalcom/spinal-models-documentation.git"
      },
      "dependencies": {
        "spinal-env-viewer-graph-service": {
          "version": "git+https://github.com/spinalcom/Spinal-Graph-Service.git#f72b44ea0dc5e2bb0c47215e828e7929de552dc7",
          "from": "git+https://github.com/spinalcom/Spinal-Graph-Service.git",
          "requires": {
            "q": "^1.5.1",
            "qrcode-generator": "^1.4.1",
            "spinal-core-connectorjs_type": "git+https://github.com/spinalcom/spinal-core-connectorjs_type.git",
            "spinal-model-graph": "git+https://github.com/spinalcom/spinal-model-graph.git"
          }
        }
      }
    },
    "spinal-env-viewer-plugin-event-emitter": {
      "version": "git+https://github.com/spinalcom/spinal-env-viewer-plugin-event-emitter.git#fd1f50182cb1c12d97d8d86af1444a3b7433f0a0",
      "from": "git+https://github.com/spinalcom/spinal-env-viewer-plugin-event-emitter.git"
    },
    "spinal-env-viewer-plugin-forge": {
      "version": "git+https://github.com/spinalcom/spinal-env-viewer-plugin-forge.git#bf6e7bc017bf44b48622c5e29dc95528fb90dbf4",
      "from": "git+https://github.com/spinalcom/spinal-env-viewer-plugin-forge.git",
      "requires": {
        "spinal-env-viewer-graph-service": "git+https://github.com/spinalcom/Spinal-Graph-Service.git"
      },
      "dependencies": {
        "spinal-env-viewer-graph-service": {
          "version": "git+https://github.com/spinalcom/Spinal-Graph-Service.git#f72b44ea0dc5e2bb0c47215e828e7929de552dc7",
          "from": "git+https://github.com/spinalcom/Spinal-Graph-Service.git",
          "requires": {
            "q": "^1.5.1",
            "qrcode-generator": "^1.4.1",
            "spinal-core-connectorjs_type": "git+https://github.com/spinalcom/spinal-core-connectorjs_type.git",
            "spinal-model-graph": "git+https://github.com/spinalcom/spinal-model-graph.git"
          }
        }
      }
    },
    "spinal-env-viewer-plugin-group-manager-service": {
      "version": "git+https://github.com/spinalcom/spinal-env-viewer-plugin-group-manager-service.git#68d440c2f4d0ed91ce3a19f70225ce214b966642",
      "from": "git+https://github.com/spinalcom/spinal-env-viewer-plugin-group-manager-service.git",
      "requires": {
        "spinal-core-connectorjs_type": "git+https://github.com/spinalcom/spinal-core-connectorjs_type.git",
        "spinal-env-viewer-context-geographic-service": "git+https://github.com/spinalcom/spinal-env-viewer-context-geographic-service.git",
        "spinal-env-viewer-graph-service": "git+https://github.com/spinalcom/Spinal-Graph-Service.git",
        "spinal-env-viewer-plugin-event-emitter": "git+https://github.com/spinalcom/spinal-env-viewer-plugin-event-emitter.git",
        "spinal-model-bmsnetwork": "git+https://github.com/spinalcom/spinal-model-bmsnetwork.git"
      },
      "dependencies": {
        "spinal-env-viewer-graph-service": {
          "version": "git+https://github.com/spinalcom/Spinal-Graph-Service.git#f72b44ea0dc5e2bb0c47215e828e7929de552dc7",
          "from": "git+https://github.com/spinalcom/Spinal-Graph-Service.git",
          "requires": {
            "q": "^1.5.1",
            "qrcode-generator": "^1.4.1",
            "spinal-core-connectorjs_type": "git+https://github.com/spinalcom/spinal-core-connectorjs_type.git",
            "spinal-model-graph": "git+https://github.com/spinalcom/spinal-model-graph.git"
          }
        },
        "spinal-model-bmsnetwork": {
          "version": "git+https://github.com/spinalcom/spinal-model-bmsnetwork.git#eb89aeb5becab589fc39793bad46e3ffa900cbd4",
          "from": "git+https://github.com/spinalcom/spinal-model-bmsnetwork.git",
          "requires": {
            "lodash.throttle": "^4.1.1",
            "spinal-core-connectorjs_type": "git+https://github.com/spinalcom/spinal-core-connectorjs_type.git",
            "spinal-env-viewer-graph-service": "git+https://github.com/spinalcom/Spinal-Graph-Service.git",
            "spinal-env-viewer-plugin-documentation-service": "git+https://github.com/spinalcom/spinal-env-viewer-plugin-documentation-service.git",
            "spinal-lib-forgefile": "git+https://github.com/spinalcom/spinal-lib-forgefile.git",
            "spinal-model-timeseries": "git+https://github.com/spinalcom/spinal-model-timeseries.git"
          }
        }
      }
    },
    "spinal-env-viewer-plugin-network-tree-service": {
      "version": "git+https://github.com/spinalcom/spinal-env-viewer-plugin-network-tree-service.git#4327886ed44bbb535dcf81852d6276143013b0be",
      "from": "git+https://github.com/spinalcom/spinal-env-viewer-plugin-network-tree-service.git",
      "requires": {
        "bacstack": "0.0.1-beta.13",
        "spinal-core-connectorjs_type": "git+https://github.com/spinalcom/spinal-core-connectorjs_type.git",
        "spinal-env-viewer-graph-service": "git+https://github.com/spinalcom/Spinal-Graph-Service.git",
        "spinal-env-viewer-plugin-device_profile": "git+https://github.com/spinalcom/spinal-env-viewer-plugin-device_profile.git",
        "spinal-env-viewer-plugin-documentation-service": "git+https://github.com/spinalcom/spinal-env-viewer-plugin-documentation-service.git",
        "spinal-env-viewer-plugin-forge": "git+https://github.com/spinalcom/spinal-env-viewer-plugin-forge.git",
        "spinal-model-bmsnetwork": "git+https://github.com/spinalcom/spinal-model-bmsnetwork.git"
      },
      "dependencies": {
        "spinal-env-viewer-context-menu-service": {
          "version": "git+https://github.com/spinalcom/spinal-env-viewer-context-menu-service.git#e2696e6203dac9bbcaa31b36509f6a811fe81345",
          "from": "git+https://github.com/spinalcom/spinal-env-viewer-context-menu-service.git"
        },
        "spinal-env-viewer-graph-service": {
          "version": "git+https://github.com/spinalcom/Spinal-Graph-Service.git#f72b44ea0dc5e2bb0c47215e828e7929de552dc7",
          "from": "git+https://github.com/spinalcom/Spinal-Graph-Service.git",
          "requires": {
            "q": "^1.5.1",
            "qrcode-generator": "^1.4.1",
            "spinal-core-connectorjs_type": "git+https://github.com/spinalcom/spinal-core-connectorjs_type.git",
            "spinal-model-graph": "git+https://github.com/spinalcom/spinal-model-graph.git"
          }
        },
        "spinal-env-viewer-plugin-device_profile": {
          "version": "git+https://github.com/spinalcom/spinal-env-viewer-plugin-device_profile.git#f940179fdbb4d3c9d2f22ae590f890892868aa0c",
          "from": "git+https://github.com/spinalcom/spinal-env-viewer-plugin-device_profile.git",
          "requires": {
            "spinal-env-viewer-context-menu-service": "git+https://github.com/spinalcom/spinal-env-viewer-context-menu-service.git",
            "spinal-env-viewer-graph-service": "git+https://github.com/spinalcom/Spinal-Graph-Service.git",
            "spinal-env-viewer-panel-manager-service": "git+https://github.com/spinalcom/spinal-env-viewer-panel-manager-service.git",
            "spinal-env-viewer-panel-manager-service_spinalforgeextention": "git+https://github.com/spinalcom/spinal-env-viewer-panel-manager-service_spinalforgeextention.git",
            "spinal-env-viewer-plugin-forge": "git+https://github.com/spinalcom/spinal-env-viewer-plugin-forge.git",
            "spinal-model-graph": "git+https://github.com/spinalcom/spinal-model-graph.git",
            "vue": "^2.0.1",
            "vuetify": "^1.5.16",
            "xml2js": "^0.4.23"
          }
        },
        "spinal-model-bmsnetwork": {
          "version": "git+https://github.com/spinalcom/spinal-model-bmsnetwork.git#eb89aeb5becab589fc39793bad46e3ffa900cbd4",
          "from": "git+https://github.com/spinalcom/spinal-model-bmsnetwork.git",
          "requires": {
            "lodash.throttle": "^4.1.1",
            "spinal-core-connectorjs_type": "git+https://github.com/spinalcom/spinal-core-connectorjs_type.git",
            "spinal-env-viewer-graph-service": "git+https://github.com/spinalcom/Spinal-Graph-Service.git",
            "spinal-env-viewer-plugin-documentation-service": "git+https://github.com/spinalcom/spinal-env-viewer-plugin-documentation-service.git",
            "spinal-lib-forgefile": "git+https://github.com/spinalcom/spinal-lib-forgefile.git",
            "spinal-model-timeseries": "git+https://github.com/spinalcom/spinal-model-timeseries.git"
          }
        }
      }
    },
    "spinal-lib-forgefile": {
      "version": "git+https://github.com/spinalcom/spinal-lib-forgefile.git#855b6efae613655298c4d5668e8f91d5b294aab5",
      "from": "git+https://github.com/spinalcom/spinal-lib-forgefile.git",
      "requires": {
        "spinal-core-connectorjs_type": "git+https://github.com/spinalcom/spinal-core-connectorjs_type.git"
      }
    },
    "spinal-model-bmsnetwork": {
      "version": "git+https://github.com/spinalcom/spinal-model-bmsnetwork.git#5b7e94cdf0abd4246f33a21ad08809fa727cfcf9",
      "from": "git+https://github.com/spinalcom/spinal-model-bmsnetwork.git",
      "requires": {
        "lodash.throttle": "^4.1.1",
        "spinal-core-connectorjs_type": "git+https://github.com/spinalcom/spinal-core-connectorjs_type.git",
        "spinal-env-viewer-graph-service": "git+https://github.com/spinalcom/Spinal-Graph-Service.git",
        "spinal-env-viewer-plugin-documentation-service": "git+https://github.com/spinalcom/spinal-env-viewer-plugin-documentation-service.git",
        "spinal-lib-forgefile": "git+https://github.com/spinalcom/spinal-lib-forgefile.git",
        "spinal-model-timeseries": "git+https://github.com/spinalcom/spinal-model-timeseries.git"
      },
      "dependencies": {
        "spinal-env-viewer-graph-service": {
          "version": "git+https://github.com/spinalcom/Spinal-Graph-Service.git#f72b44ea0dc5e2bb0c47215e828e7929de552dc7",
          "from": "git+https://github.com/spinalcom/Spinal-Graph-Service.git",
          "requires": {
            "q": "^1.5.1",
            "qrcode-generator": "^1.4.1",
            "spinal-core-connectorjs_type": "git+https://github.com/spinalcom/spinal-core-connectorjs_type.git",
            "spinal-model-graph": "git+https://github.com/spinalcom/spinal-model-graph.git"
          }
        }
      }
    },
    "spinal-model-graph": {
      "version": "git+https://github.com/spinalcom/spinal-model-graph.git#a86da34fd0aa06af66fe09daa48f2eabea361c98",
      "from": "git+https://github.com/spinalcom/spinal-model-graph.git",
      "requires": {
        "spinal-core-connectorjs": "git+https://github.com/spinalcom/spinal-core-connectorjs.git",
        "spinal-env-viewer-plugin-event-emitter": "git+https://github.com/spinalcom/spinal-env-viewer-plugin-event-emitter.git"
      }
    },
    "spinal-model-timeseries": {
      "version": "git+https://github.com/spinalcom/spinal-model-timeseries.git#acfc4ff9f8eb43ad28e5a1f875f23353da1513d2",
      "from": "git+https://github.com/spinalcom/spinal-model-timeseries.git",
      "requires": {
        "spinal-core-connectorjs_type": "git+https://github.com/spinalcom/spinal-core-connectorjs_type.git",
        "spinal-env-viewer-graph-service": "git+https://github.com/spinalcom/Spinal-Graph-Service.git",
        "spinal-env-viewer-plugin-documentation-service": "git+https://github.com/spinalcom/spinal-env-viewer-plugin-documentation-service.git"
      },
      "dependencies": {
        "spinal-env-viewer-graph-service": {
          "version": "git+https://github.com/spinalcom/Spinal-Graph-Service.git#f72b44ea0dc5e2bb0c47215e828e7929de552dc7",
          "from": "git+https://github.com/spinalcom/Spinal-Graph-Service.git",
          "requires": {
            "q": "^1.5.1",
            "qrcode-generator": "^1.4.1",
            "spinal-core-connectorjs_type": "git+https://github.com/spinalcom/spinal-core-connectorjs_type.git",
            "spinal-model-graph": "git+https://github.com/spinalcom/spinal-model-graph.git"
          }
        }
      }
    },
    "spinal-models-bimobject": {
      "version": "git+https://github.com/spinalcom/spinal-models-bimobject.git#b9b9d4fd67cbe6acd514d21cf8e5c6aa919e1f4b",
      "from": "git+https://github.com/spinalcom/spinal-models-bimobject.git"
    },
    "spinal-models-building-elements": {
      "version": "git+https://github.com/spinalcom/spinal-models-building-elements.git#1d6edf18e07e8e6a66470dd203717a9437401bbb",
      "from": "git+https://github.com/spinalcom/spinal-models-building-elements.git",
      "requires": {
        "spinal-models-bimobject": "git+https://github.com/spinalcom/spinal-models-bimobject.git"
      }
    },
    "spinal-models-documentation": {
      "version": "git+https://github.com/spinalcom/spinal-models-documentation.git#6dc8924a4824cbe9a220207e229f4f2197b7eeb7",
      "from": "git+https://github.com/spinalcom/spinal-models-documentation.git",
      "requires": {
        "spinal-core-connectorjs": "git+https://github.com/spinalcom/spinal-core-connectorjs.git",
        "spinal-core-connectorjs_type": "git+https://github.com/spinalcom/spinal-core-connectorjs_type.git"
      }
    },
    "string_decoder": {
      "version": "1.1.1",
      "resolved": "https://registry.npmjs.org/string_decoder/-/string_decoder-1.1.1.tgz",
      "integrity": "sha512-n/ShnvDi6FHbbVfviro+WojiFzv+s8MPMHBczVePfUpDJLwoLT0ht1l4YwBCbi8pJAveEEdnkHyPyTP/mzRfwg==",
      "requires": {
        "safe-buffer": "~5.1.0"
      }
    },
    "through2": {
      "version": "2.0.5",
      "resolved": "https://registry.npmjs.org/through2/-/through2-2.0.5.tgz",
      "integrity": "sha512-/mrRod8xqpA+IHSLyGCQ2s8SPHiCDEeQJSep1jqLYeEUClOFG2Qsh+4FU6G9VeqpZnGW/Su8LQGc4YKni5rYSQ==",
      "requires": {
        "readable-stream": "~2.3.6",
        "xtend": "~4.0.1"
      }
    },
    "util-deprecate": {
      "version": "1.0.2",
      "resolved": "https://registry.npmjs.org/util-deprecate/-/util-deprecate-1.0.2.tgz",
      "integrity": "sha1-RQ1Nyfpw3nMnYvvS1KKJgUGaDM8="
    },
    "vm": {
      "version": "0.1.0",
      "resolved": "https://registry.npmjs.org/vm/-/vm-0.1.0.tgz",
      "integrity": "sha1-AGDUhei4mFiUbECwGmugeUXbcKg="
    },
    "vue": {
      "version": "2.6.14",
      "resolved": "https://registry.npmjs.org/vue/-/vue-2.6.14.tgz",
      "integrity": "sha512-x2284lgYvjOMj3Za7kqzRcUSxBboHqtgRE2zlos1qWaOye5yUmHn42LB1250NJBLRwEcdrB0JRwyPTEPhfQjiQ=="
    },
    "vue-codemirror": {
      "version": "4.0.6",
      "resolved": "https://registry.npmjs.org/vue-codemirror/-/vue-codemirror-4.0.6.tgz",
      "integrity": "sha512-ilU7Uf0mqBNSSV3KT7FNEeRIxH4s1fmpG4TfHlzvXn0QiQAbkXS9lLfwuZpaBVEnpP5CSE62iGJjoliTuA8poQ==",
      "requires": {
        "codemirror": "^5.41.0",
        "diff-match-patch": "^1.0.0"
      }
    },
    "vuetify": {
      "version": "1.5.24",
      "resolved": "https://registry.npmjs.org/vuetify/-/vuetify-1.5.24.tgz",
      "integrity": "sha512-guFOgEgZ8VpSgNXOv1QL2fOliaJBoiyNnf+bBqcXsnIppJGRlW1wyT6Ux7ZlQyphSHs+UK1aJNUjcyAtoOiHWg=="
    },
    "xhr2": {
      "version": "0.2.1",
      "resolved": "https://registry.npmjs.org/xhr2/-/xhr2-0.2.1.tgz",
      "integrity": "sha512-sID0rrVCqkVNUn8t6xuv9+6FViXjUVXq8H5rWOH2rz9fDNQEd4g0EA2XlcEdJXRz5BMEn4O1pJFdT+z4YHhoWw=="
    },
    "xml2js": {
      "version": "0.4.23",
      "resolved": "https://registry.npmjs.org/xml2js/-/xml2js-0.4.23.tgz",
      "integrity": "sha512-ySPiMjM0+pLDftHgXY4By0uswI3SPKLDw/i3UXbnO8M/p28zqexCUoPmQFrYD+/1BzhGJSs2i1ERWKJAtiLrug==",
      "requires": {
        "sax": ">=0.6.0",
        "xmlbuilder": "~11.0.0"
      }
    },
    "xmlbuilder": {
      "version": "11.0.1",
      "resolved": "https://registry.npmjs.org/xmlbuilder/-/xmlbuilder-11.0.1.tgz",
      "integrity": "sha512-fDlsI/kFEx7gLvbecc0/ohLG50fugQp8ryHzMTuW9vSa1GJ0XYWKnhsUx7oie3G98+r56aTQIUB4kht42R3JvA=="
    },
    "xtend": {
      "version": "4.0.2",
      "resolved": "https://registry.npmjs.org/xtend/-/xtend-4.0.2.tgz",
      "integrity": "sha512-LKYU1iAXJXUgAXn9URjiu+MWhyUXHsvfp7mcuYm9dSUKK0/CjtrUwFAxD82/mCWbtLsGjFIad0wIsod4zrTAEQ=="
    }
  }
}
